
Microsoft Visual Studio Solution File, Format Version 12.00
Project("{FAE04EC0-301F-11D3-BF4B-00C04F79EFBC}") = "FlightPlanning.API", "FlightPlanning.API\FlightPlanning.API.csproj", "{3AEC7A20-E526-43C9-B7DD-4D520F4BA6F9}"
EndProject
Project("{FAE04EC0-301F-11D3-BF4B-00C04F79EFBC}") = "FlightPlanning.Data", "FlightPlanning.Data\FlightPlanning.Data.csproj", "{2602BC43-F257-4C0C-90B1-124C7EC65B9E}"
EndProject
Global
	GlobalSection(SolutionConfigurationPlatforms) = preSolution
		Debug|Any CPU = Debug|Any CPU
		Release|Any CPU = Release|Any CPU
	EndGlobalSection
	GlobalSection(ProjectConfigurationPlatforms) = postSolution
		{3AEC7A20-E526-43C9-B7DD-4D520F4BA6F9}.Debug|Any CPU.ActiveCfg = Debug|Any CPU
		{3AEC7A20-E526-43C9-B7DD-4D520F4BA6F9}.Debug|Any CPU.Build.0 = Debug|Any CPU
		{3AEC7A20-E526-43C9-B7DD-4D520F4BA6F9}.Release|Any CPU.ActiveCfg = Release|Any CPU
		{3AEC7A20-E526-43C9-B7DD-4D520F4BA6F9}.Release|Any CPU.Build.0 = Release|Any CPU
		{2602BC43-F257-4C0C-90B1-124C7EC65B9E}.Debug|Any CPU.ActiveCfg = Debug|Any CPU
		{2602BC43-F257-4C0C-90B1-124C7EC65B9E}.Debug|Any CPU.Build.0 = Debug|Any CPU
		{2602BC43-F257-4C0C-90B1-124C7EC65B9E}.Release|Any CPU.ActiveCfg = Release|Any CPU
		{2602BC43-F257-4C0C-90B1-124C7EC65B9E}.Release|Any CPU.Build.0 = Release|Any CPU
	EndGlobalSection
EndGlobal
